// !$*UTF8*$!
{
	archiveVersion = 1;
	classes = {
	};
	objectVersion = 56;
	objects = {

/* Begin PBXBuildFile section */
		447A43B628DE1BFC00D9DE66 /* AppDelegate.swift in Sources */ = {isa = PBXBuildFile; fileRef = 447A43B528DE1BFC00D9DE66 /* AppDelegate.swift */; };
		447A43BA28DE1BFC00D9DE66 /* MainVC.swift in Sources */ = {isa = PBXBuildFile; fileRef = 447A43B928DE1BFC00D9DE66 /* MainVC.swift */; };
		447A43C028DE1BFC00D9DE66 /* ExitekTestProject.xcdatamodeld in Sources */ = {isa = PBXBuildFile; fileRef = 447A43BE28DE1BFC00D9DE66 /* ExitekTestProject.xcdatamodeld */; };
		447A43C228DE1BFC00D9DE66 /* Assets.xcassets in Resources */ = {isa = PBXBuildFile; fileRef = 447A43C128DE1BFC00D9DE66 /* Assets.xcassets */; };
		447A43C528DE1BFC00D9DE66 /* LaunchScreen.storyboard in Resources */ = {isa = PBXBuildFile; fileRef = 447A43C328DE1BFC00D9DE66 /* LaunchScreen.storyboard */; };
		44B4B16928DE200B007336DB /* MobilesData.swift in Sources */ = {isa = PBXBuildFile; fileRef = 44B4B16828DE200B007336DB /* MobilesData.swift */; };
		44B4B16E28DE4778007336DB /* MobileTableCell.swift in Sources */ = {isa = PBXBuildFile; fileRef = 44B4B16D28DE4778007336DB /* MobileTableCell.swift */; };
		BC1AD60265D612865E98AA0A /* Pods_ExitekTestProject.framework in Frameworks */ = {isa = PBXBuildFile; fileRef = BD291B0CDA4AAE64102F9DF1 /* Pods_ExitekTestProject.framework */; };
/* End PBXBuildFile section */

/* Begin PBXFileReference section */
		447A43B228DE1BFC00D9DE66 /* ExitekTestProject.app */ = {isa = PBXFileReference; explicitFileType = wrapper.application; includeInIndex = 0; path = ExitekTestProject.app; sourceTree = BUILT_PRODUCTS_DIR; };
		447A43B528DE1BFC00D9DE66 /* AppDelegate.swift */ = {isa = PBXFileReference; lastKnownFileType = sourcecode.swift; path = AppDelegate.swift; sourceTree = "<group>"; };
		447A43B928DE1BFC00D9DE66 /* MainVC.swift */ = {isa = PBXFileReference; lastKnownFileType = sourcecode.swift; path = MainVC.swift; sourceTree = "<group>"; };
		447A43BF28DE1BFC00D9DE66 /* ExitekTestProject.xcdatamodel */ = {isa = PBXFileReference; lastKnownFileType = wrapper.xcdatamodel; path = ExitekTestProject.xcdatamodel; sourceTree = "<group>"; };
		447A43C128DE1BFC00D9DE66 /* Assets.xcassets */ = {isa = PBXFileReference; lastKnownFileType = folder.assetcatalog; path = Assets.xcassets; sourceTree = "<group>"; };
		447A43C428DE1BFC00D9DE66 /* Base */ = {isa = PBXFileReference; lastKnownFileType = file.storyboard; name = Base; path = Base.lproj/LaunchScreen.storyboard; sourceTree = "<group>"; };
		447A43C628DE1BFC00D9DE66 /* Info.plist */ = {isa = PBXFileReference; lastKnownFileType = text.plist.xml; path = Info.plist; sourceTree = "<group>"; };
		44B4B16828DE200B007336DB /* MobilesData.swift */ = {isa = PBXFileReference; lastKnownFileType = sourcecode.swift; path = MobilesData.swift; sourceTree = "<group>"; };
		44B4B16D28DE4778007336DB /* MobileTableCell.swift */ = {isa = PBXFileReference; lastKnownFileType = sourcecode.swift; path = MobileTableCell.swift; sourceTree = "<group>"; };
		80C20FCC6F93FD3A5800BC60 /* Pods-ExitekTestProject.debug.xcconfig */ = {isa = PBXFileReference; includeInIndex = 1; lastKnownFileType = text.xcconfig; name = "Pods-ExitekTestProject.debug.xcconfig"; path = "Target Support Files/Pods-ExitekTestProject/Pods-ExitekTestProject.debug.xcconfig"; sourceTree = "<group>"; };
		8C81F4331CBCCF296135BB00 /* Pods-ExitekTestProject.release.xcconfig */ = {isa = PBXFileReference; includeInIndex = 1; lastKnownFileType = text.xcconfig; name = "Pods-ExitekTestProject.release.xcconfig"; path = "Target Support Files/Pods-ExitekTestProject/Pods-ExitekTestProject.release.xcconfig"; sourceTree = "<group>"; };
		BD291B0CDA4AAE64102F9DF1 /* Pods_ExitekTestProject.framework */ = {isa = PBXFileReference; explicitFileType = wrapper.framework; includeInIndex = 0; path = Pods_ExitekTestProject.framework; sourceTree = BUILT_PRODUCTS_DIR; };
/* End PBXFileReference section */

/* Begin PBXFrameworksBuildPhase section */
		447A43AF28DE1BFC00D9DE66 /* Frameworks */ = {
			isa = PBXFrameworksBuildPhase;
			buildActionMask = 2147483647;
			files = (
				BC1AD60265D612865E98AA0A /* Pods_ExitekTestProject.framework in Frameworks */,
			);
			runOnlyForDeploymentPostprocessing = 0;
		};
/* End PBXFrameworksBuildPhase section */

/* Begin PBXGroup section */
		447A43A928DE1BFC00D9DE66 = {
			isa = PBXGroup;
			children = (
				447A43B428DE1BFC00D9DE66 /* ExitekTestProject */,
				447A43B328DE1BFC00D9DE66 /* Products */,
				F91C9ACA65514BE44ABD7CA2 /* Pods */,
				4FC8A13A859BEECC9A8DEE7C /* Frameworks */,
			);
			sourceTree = "<group>";
		};
		447A43B328DE1BFC00D9DE66 /* Products */ = {
			isa = PBXGroup;
			children = (
				447A43B228DE1BFC00D9DE66 /* ExitekTestProject.app */,
			);
			name = Products;
			sourceTree = "<group>";
		};
		447A43B428DE1BFC00D9DE66 /* ExitekTestProject */ = {
			isa = PBXGroup;
			children = (
				44B4B16C28DE3E91007336DB /* Model */,
				44B4B16B28DE3E8A007336DB /* View */,
				44B4B16A28DE3E80007336DB /* Controller */,
				447A43B528DE1BFC00D9DE66 /* AppDelegate.swift */,
				447A43C128DE1BFC00D9DE66 /* Assets.xcassets */,
				447A43C628DE1BFC00D9DE66 /* Info.plist */,
			);
			path = ExitekTestProject;
			sourceTree = "<group>";
		};
		44B4B16A28DE3E80007336DB /* Controller */ = {
			isa = PBXGroup;
			children = (
				447A43B928DE1BFC00D9DE66 /* MainVC.swift */,
			);
			path = Controller;
			sourceTree = "<group>";
		};
		44B4B16B28DE3E8A007336DB /* View */ = {
			isa = PBXGroup;
			children = (
				447A43C328DE1BFC00D9DE66 /* LaunchScreen.storyboard */,
				44B4B16D28DE4778007336DB /* MobileTableCell.swift */,
			);
			path = View;
			sourceTree = "<group>";
		};
		44B4B16C28DE3E91007336DB /* Model */ = {
			isa = PBXGroup;
			children = (
				447A43BE28DE1BFC00D9DE66 /* ExitekTestProject.xcdatamodeld */,
				44B4B16828DE200B007336DB /* MobilesData.swift */,
			);
			path = Model;
			sourceTree = "<group>";
		};
		4FC8A13A859BEECC9A8DEE7C /* Frameworks */ = {
			isa = PBXGroup;
			children = (
				BD291B0CDA4AAE64102F9DF1 /* Pods_ExitekTestProject.framework */,
			);
			name = Frameworks;
			sourceTree = "<group>";
		};
		F91C9ACA65514BE44ABD7CA2 /* Pods */ = {
			isa = PBXGroup;
			children = (
				80C20FCC6F93FD3A5800BC60 /* Pods-ExitekTestProject.debug.xcconfig */,
				8C81F4331CBCCF296135BB00 /* Pods-ExitekTestProject.release.xcconfig */,
			);
			path = Pods;
			sourceTree = "<group>";
		};
/* End PBXGroup section */

/* Begin PBXNativeTarget section */
		447A43B128DE1BFC00D9DE66 /* ExitekTestProject */ = {
			isa = PBXNativeTarget;
			buildConfigurationList = 447A43C928DE1BFC00D9DE66 /* Build configuration list for PBXNativeTarget "ExitekTestProject" */;
			buildPhases = (
				70F140332D0E4554A7B04D13 /* [CP] Check Pods Manifest.lock */,
				447A43AE28DE1BFC00D9DE66 /* Sources */,
				447A43AF28DE1BFC00D9DE66 /* Frameworks */,
				447A43B028DE1BFC00D9DE66 /* Resources */,
				7820BC0D52C5C07A7513F016 /* [CP] Embed Pods Frameworks */,
			);
			buildRules = (
			);
			dependencies = (
			);
			name = ExitekTestProject;
			productName = ExitekTestProject;
			productReference = 447A43B228DE1BFC00D9DE66 /* ExitekTestProject.app */;
			productType = "com.apple.product-type.application";
		};
/* End PBXNativeTarget section */

/* Begin PBXProject section */
		447A43AA28DE1BFC00D9DE66 /* Project object */ = {
			isa = PBXProject;
			attributes = {
				BuildIndependentTargetsInParallel = 1;
				LastSwiftUpdateCheck = 1400;
				LastUpgradeCheck = 1400;
				TargetAttributes = {
					447A43B128DE1BFC00D9DE66 = {
						CreatedOnToolsVersion = 14.0;
					};
				};
			};
			buildConfigurationList = 447A43AD28DE1BFC00D9DE66 /* Build configuration list for PBXProject "ExitekTestProject" */;
			compatibilityVersion = "Xcode 14.0";
			developmentRegion = en;
			hasScannedForEncodings = 0;
			knownRegions = (
				en,
				Base,
			);
			mainGroup = 447A43A928DE1BFC00D9DE66;
			productRefGroup = 447A43B328DE1BFC00D9DE66 /* Products */;
			projectDirPath = "";
			projectRoot = "";
			targets = (
				447A43B128DE1BFC00D9DE66 /* ExitekTestProject */,
			);
		};
/* End PBXProject section */

/* Begin PBXResourcesBuildPhase section */
		447A43B028DE1BFC00D9DE66 /* Resources */ = {
			isa = PBXResourcesBuildPhase;
			buildActionMask = 2147483647;
			files = (
				447A43C528DE1BFC00D9DE66 /* LaunchScreen.storyboard in Resources */,
				447A43C228DE1BFC00D9DE66 /* Assets.xcassets in Resources */,
			);
			runOnlyForDeploymentPostprocessing = 0;
		};
/* End PBXResourcesBuildPhase section */

/* Begin PBXShellScriptBuildPhase section */
		70F140332D0E4554A7B04D13 /* [CP] Check Pods Manifest.lock */ = {
			isa = PBXShellScriptBuildPhase;
			buildActionMask = 2147483647;
			files = (
			);
			inputFileListPaths = (
			);
			inputPaths = (
				"${PODS_PODFILE_DIR_PATH}/Podfile.lock",
				"${PODS_ROOT}/Manifest.lock",
			);
			name = "[CP] Check Pods Manifest.lock";
			outputFileListPaths = (
			);
			outputPaths = (
				"$(DERIVED_FILE_DIR)/Pods-ExitekTestProject-checkManifestLockResult.txt",
			);
			runOnlyForDeploymentPostprocessing = 0;
			shellPath = /bin/sh;
			shellScript = "diff \"${PODS_PODFILE_DIR_PATH}/Podfile.lock\" \"${PODS_ROOT}/Manifest.lock\" > /dev/null\nif [ $? != 0 ] ; then\n    # print error to STDERR\n    echo \"error: The sandbox is not in sync with the Podfile.lock. Run 'pod install' or update your CocoaPods installation.\" >&2\n    exit 1\nfi\n# This output is used by Xcode 'outputs' to avoid re-running this script phase.\necho \"SUCCESS\" > \"${SCRIPT_OUTPUT_FILE_0}\"\n";
			showEnvVarsInLog = 0;
		};
		7820BC0D52C5C07A7513F016 /* [CP] Embed Pods Frameworks */ = {
			isa = PBXShellScriptBuildPhase;
			buildActionMask = 2147483647;
			files = (
			);
			inputFileListPaths = (
				"${PODS_ROOT}/Target Support Files/Pods-ExitekTestProject/Pods-ExitekTestProject-frameworks-${CONFIGURATION}-input-files.xcfilelist",
			);
			name = "[CP] Embed Pods Frameworks";
			outputFileListPaths = (
				"${PODS_ROOT}/Target Support Files/Pods-ExitekTestProject/Pods-ExitekTestProject-frameworks-${CONFIGURATION}-output-files.xcfilelist",
			);
			runOnlyForDeploymentPostprocessing = 0;
			shellPath = /bin/sh;
			shellScript = "\"${PODS_ROOT}/Target Support Files/Pods-ExitekTestProject/Pods-ExitekTestProject-frameworks.sh\"\n";
			showEnvVarsInLog = 0;
		};
/* End PBXShellScriptBuildPhase section */

/* Begin PBXSourcesBuildPhase section */
		447A43AE28DE1BFC00D9DE66 /* Sources */ = {
			isa = PBXSourcesBuildPhase;
			buildActionMask = 2147483647;
			files = (
				447A43BA28DE1BFC00D9DE66 /* MainVC.swift in Sources */,
				44B4B16E28DE4778007336DB /* MobileTableCell.swift in Sources */,
				44B4B16928DE200B007336DB /* MobilesData.swift in Sources */,
				447A43B628DE1BFC00D9DE66 /* AppDelegate.swift in Sources */,
				447A43C028DE1BFC00D9DE66 /* ExitekTestProject.xcdatamodeld in Sources */,
			);
			runOnlyForDeploymentPostprocessing = 0;
		};
/* End PBXSourcesBuildPhase section */

/* Begin PBXVariantGroup section */
		447A43C328DE1BFC00D9DE66 /* LaunchScreen.storyboard */ = {
			isa = PBXVariantGroup;
			children = (
				447A43C428DE1BFC00D9DE66 /* Base */,
			);
			name = LaunchScreen.storyboard;
			sourceTree = "<group>";
		};
/* End PBXVariantGroup section */

/* Begin XCBuildConfiguration section */
		447A43C728DE1BFC00D9DE66 /* Debug */ = {
			isa = XCBuildConfiguration;
			buildSettings = {
				ALWAYS_SEARCH_USER_PATHS = NO;
				CLANG_ANALYZER_NONNULL = YES;
				CLANG_ANALYZER_NUMBER_OBJECT_CONVERSION = YES_AGGRESSIVE;
				CLANG_CXX_LANGUAGE_STANDARD = "gnu++20";
				CLANG_ENABLE_MODULES = YES;
				CLANG_ENABLE_OBJC_ARC = YES;
				CLANG_ENABLE_OBJC_WEAK = YES;
				CLANG_WARN_BLOCK_CAPTURE_AUTORELEASING = YES;
				CLANG_WARN_BOOL_CONVERSION = YES;
				CLANG_WARN_COMMA = YES;
				CLANG_WARN_CONSTANT_CONVERSION = YES;
				CLANG_WARN_DEPRECATED_OBJC_IMPLEMENTATIONS = YES;
				CLANG_WARN_DIRECT_OBJC_ISA_USAGE = YES_ERROR;
				CLANG_WARN_DOCUMENTATION_COMMENTS = YES;
				CLANG_WARN_EMPTY_BODY = YES;
				CLANG_WARN_ENUM_CONVERSION = YES;
				CLANG_WARN_INFINITE_RECURSION = YES;
				CLANG_WARN_INT_CONVERSION = YES;
				CLANG_WARN_NON_LITERAL_NULL_CONVERSION = YES;
				CLANG_WARN_OBJC_IMPLICIT_RETAIN_SELF = YES;
				CLANG_WARN_OBJC_LITERAL_CONVERSION = YES;
				CLANG_WARN_OBJC_ROOT_CLASS = YES_ERROR;
				CLANG_WARN_QUOTED_INCLUDE_IN_FRAMEWORK_HEADER = YES;
				CLANG_WARN_RANGE_LOOP_ANALYSIS = YES;
				CLANG_WARN_STRICT_PROTOTYPES = YES;
				CLANG_WARN_SUSPICIOUS_MOVE = YES;
				CLANG_WARN_UNGUARDED_AVAILABILITY = YES_AGGRESSIVE;
				CLANG_WARN_UNREACHABLE_CODE = YES;
				CLANG_WARN__DUPLICATE_METHOD_MATCH = YES;
				COPY_PHASE_STRIP = NO;
				DEBUG_INFORMATION_FORMAT = dwarf;
				ENABLE_STRICT_OBJC_MSGSEND = YES;
				ENABLE_TESTABILITY = YES;
				GCC_C_LANGUAGE_STANDARD = gnu11;
				GCC_DYNAMIC_NO_PIC = NO;
				GCC_NO_COMMON_BLOCKS = YES;
				GCC_OPTIMIZATION_LEVEL = 0;
				GCC_PREPROCESSOR_DEFINITIONS = (
					"DEBUG=1",
					"$(inherited)",
				);
				GCC_WARN_64_TO_32_BIT_CONVERSION = YES;
				GCC_WARN_ABOUT_RETURN_TYPE = YES_ERROR;
				GCC_WARN_UNDECLARED_SELECTOR = YES;
				GCC_WARN_UNINITIALIZED_AUTOS = YES_AGGRESSIVE;
				GCC_WARN_UNUSED_FUNCTION = YES;
				GCC_WARN_UNUSED_VARIABLE = YES;
				IPHONEOS_DEPLOYMENT_TARGET = 16.0;
				MTL_ENABLE_DEBUG_INFO = INCLUDE_SOURCE;
				MTL_FAST_MATH = YES;
				ONLY_ACTIVE_ARCH = YES;
				SDKROOT = iphoneos;
				SWIFT_ACTIVE_COMPILATION_CONDITIONS = DEBUG;
				SWIFT_OPTIMIZATION_LEVEL = "-Onone";
			};
			name = Debug;
		};
		447A43C828DE1BFC00D9DE66 /* Release */ = {
			isa = XCBuildConfiguration;
			buildSettings = {
				ALWAYS_SEARCH_USER_PATHS = NO;
				CLANG_ANALYZER_NONNULL = YES;
				CLANG_ANALYZER_NUMBER_OBJECT_CONVERSION = YES_AGGRESSIVE;
				CLANG_CXX_LANGUAGE_STANDARD = "gnu++20";
				CLANG_ENABLE_MODULES = YES;
				CLANG_ENABLE_OBJC_ARC = YES;
				CLANG_ENABLE_OBJC_WEAK = YES;
				CLANG_WARN_BLOCK_CAPTURE_AUTORELEASING = YES;
				CLANG_WARN_BOOL_CONVERSION = YES;
				CLANG_WARN_COMMA = YES;
				CLANG_WARN_CONSTANT_CONVERSION = YES;
				CLANG_WARN_DEPRECATED_OBJC_IMPLEMENTATIONS = YES;
				CLANG_WARN_DIRECT_OBJC_ISA_USAGE = YES_ERROR;
				CLANG_WARN_DOCUMENTATION_COMMENTS = YES;
				CLANG_WARN_EMPTY_BODY = YES;
				CLANG_WARN_ENUM_CONVERSION = YES;
				CLANG_WARN_INFINITE_RECURSION = YES;
				CLANG_WARN_INT_CONVERSION = YES;
				CLANG_WARN_NON_LITERAL_NULL_CONVERSION = YES;
				CLANG_WARN_OBJC_IMPLICIT_RETAIN_SELF = YES;
				CLANG_WARN_OBJC_LITERAL_CONVERSION = YES;
				CLANG_WARN_OBJC_ROOT_CLASS = YES_ERROR;
				CLANG_WARN_QUOTED_INCLUDE_IN_FRAMEWORK_HEADER = YES;
				CLANG_WARN_RANGE_LOOP_ANALYSIS = YES;
				CLANG_WARN_STRICT_PROTOTYPES = YES;
				CLANG_WARN_SUSPICIOUS_MOVE = YES;
				CLANG_WARN_UNGUARDED_AVAILABILITY = YES_AGGRESSIVE;
				CLANG_WARN_UNREACHABLE_CODE = YES;
				CLANG_WARN__DUPLICATE_METHOD_MATCH = YES;
				COPY_PHASE_STRIP = NO;
				DEBUG_INFORMATION_FORMAT = "dwarf-with-dsym";
				ENABLE_NS_ASSERTIONS = NO;
				ENABLE_STRICT_OBJC_MSGSEND = YES;
				GCC_C_LANGUAGE_STANDARD = gnu11;
				GCC_NO_COMMON_BLOCKS = YES;
				GCC_WARN_64_TO_32_BIT_CONVERSION = YES;
				GCC_WARN_ABOUT_RETURN_TYPE = YES_ERROR;
				GCC_WARN_UNDECLARED_SELECTOR = YES;
				GCC_WARN_UNINITIALIZED_AUTOS = YES_AGGRESSIVE;
				GCC_WARN_UNUSED_FUNCTION = YES;
				GCC_WARN_UNUSED_VARIABLE = YES;
				IPHONEOS_DEPLOYMENT_TARGET = 16.0;
				MTL_ENABLE_DEBUG_INFO = NO;
				MTL_FAST_MATH = YES;
				SDKROOT = iphoneos;
				SWIFT_COMPILATION_MODE = wholemodule;
				SWIFT_OPTIMIZATION_LEVEL = "-O";
				VALIDATE_PRODUCT = YES;
			};
			name = Release;
		};
		447A43CA28DE1BFC00D9DE66 /* Debug */ = {
			isa = XCBuildConfiguration;
			baseConfigurationReference = 80C20FCC6F93FD3A5800BC60 /* Pods-ExitekTestProject.debug.xcconfig */;
			buildSettings = {
				ASSETCATALOG_COMPILER_APPICON_NAME = AppIcon;
				ASSETCATALOG_COMPILER_GLOBAL_ACCENT_COLOR_NAME = AccentColor;
				CODE_SIGN_STYLE = Automatic;
				CURRENT_PROJECT_VERSION = 1;
				DEVELOPMENT_TEAM = 3PN53MQP93;
				GENERATE_INFOPLIST_FILE = YES;
				INFOPLIST_FILE = ExitekTestProject/Info.plist;
				INFOPLIST_KEY_UIApplicationSupportsIndirectInputEvents = YES;
				INFOPLIST_KEY_UILaunchStoryboardName = LaunchScreen;
				INFOPLIST_KEY_UISupportedInterfaceOrientations_iPad = "UIInterfaceOrientationPortrait UIInterfaceOrientationPortraitUpsideDown UIInterfaceOrientationLandscapeLeft UIInterfaceOrientationLandscapeRight";
				INFOPLIST_KEY_UISupportedInterfaceOrientations_iPhone = "UIInterfaceOrientationPortrait UIInterfaceOrientationLandscapeLeft UIInterfaceOrientationLandscapeRight";
				LD_RUNPATH_SEARCH_PATHS = (
					"$(inherited)",
					"@executable_path/Frameworks",
				);
				MARKETING_VERSION = 1.0;
				PRODUCT_BUNDLE_IDENTIFIER = com.smakhtin.exitektest;
				PRODUCT_NAME = "$(TARGET_NAME)";
				SWIFT_EMIT_LOC_STRINGS = YES;
				SWIFT_VERSION = 5.0;
				TARGETED_DEVICE_FAMILY = "1,2";
			};
			name = Debug;
		};
		447A43CB28DE1BFC00D9DE66 /* Release */ = {
			isa = XCBuildConfiguration;
			baseConfigurationReference = 8C81F4331CBCCF296135BB00 /* Pods-ExitekTestProject.release.xcconfig */;
			buildSettings = {
				ASSETCATALOG_COMPILER_APPICON_NAME = AppIcon;
				ASSETCATALOG_COMPILER_GLOBAL_ACCENT_COLOR_NAME = AccentColor;
				CODE_SIGN_STYLE = Automatic;
				CURRENT_PROJECT_VERSION = 1;
				DEVELOPMENT_TEAM = 3PN53MQP93;
				GENERATE_INFOPLIST_FILE = YES;
				INFOPLIST_FILE = ExitekTestProject/Info.plist;
				INFOPLIST_KEY_UIApplicationSupportsIndirectInputEvents = YES;
				INFOPLIST_KEY_UILaunchStoryboardName = LaunchScreen;
				INFOPLIST_KEY_UISupportedInterfaceOrientations_iPad = "UIInterfaceOrientationPortrait UIInterfaceOrientationPortraitUpsideDown UIInterfaceOrientationLandscapeLeft UIInterfaceOrientationLandscapeRight";
				INFOPLIST_KEY_UISupportedInterfaceOrientations_iPhone = "UIInterfaceOrientationPortrait UIInterfaceOrientationLandscapeLeft UIInterfaceOrientationLandscapeRight";
				LD_RUNPATH_SEARCH_PATHS = (
					"$(inherited)",
					"@executable_path/Frameworks",
				);
				MARKETING_VERSION = 1.0;
				PRODUCT_BUNDLE_IDENTIFIER = com.smakhtin.exitektest;
				PRODUCT_NAME = "$(TARGET_NAME)";
				SWIFT_EMIT_LOC_STRINGS = YES;
				SWIFT_VERSION = 5.0;
				TARGETED_DEVICE_FAMILY = "1,2";
			};
			name = Release;
		};
/* End XCBuildConfiguration section */

/* Begin XCConfigurationList section */
		447A43AD28DE1BFC00D9DE66 /* Build configuration list for PBXProject "ExitekTestProject" */ = {
			isa = XCConfigurationList;
			buildConfigurations = (
				447A43C728DE1BFC00D9DE66 /* Debug */,
				447A43C828DE1BFC00D9DE66 /* Release */,
			);
			defaultConfigurationIsVisible = 0;
			defaultConfigurationName = Release;
		};
		447A43C928DE1BFC00D9DE66 /* Build configuration list for PBXNativeTarget "ExitekTestProject" */ = {
			isa = XCConfigurationList;
			buildConfigurations = (
				447A43CA28DE1BFC00D9DE66 /* Debug */,
				447A43CB28DE1BFC00D9DE66 /* Release */,
			);
			defaultConfigurationIsVisible = 0;
			defaultConfigurationName = Release;
		};
/* End XCConfigurationList section */

/* Begin XCVersionGroup section */
		447A43BE28DE1BFC00D9DE66 /* ExitekTestProject.xcdatamodeld */ = {
			isa = XCVersionGroup;
			children = (
				447A43BF28DE1BFC00D9DE66 /* ExitekTestProject.xcdatamodel */,
			);
			currentVersion = 447A43BF28DE1BFC00D9DE66 /* ExitekTestProject.xcdatamodel */;
			path = ExitekTestProject.xcdatamodeld;
			sourceTree = "<group>";
			versionGroupType = wrapper.xcdatamodel;
		};
/* End XCVersionGroup section */
	};
	rootObject = 447A43AA28DE1BFC00D9DE66 /* Project object */;
}
